
Microsoft Visual Studio Solution File, Format Version 12.00
# Visual Studio Version 17
VisualStudioVersion = 17.1.32328.378
MinimumVisualStudioVersion = 10.0.40219.1
Project("{FAE04EC0-301F-11D3-BF4B-00C04F79EFBC}") = "PleaseRememberMe.Android", "PleaseRememberMe.Android\PleaseRememberMe.Android.csproj", "{8231E7C1-69FF-4779-8E75-D77958679E10}"
EndProject
Project("{FAE04EC0-301F-11D3-BF4B-00C04F79EFBC}") = "PleaseRememberMe.iOS", "PleaseRememberMe.iOS\PleaseRememberMe.iOS.csproj", "{0F9B9964-371F-4CBA-8FAD-2980272F560A}"
EndProject
Project("{9344BDBB-3E7F-41FC-A0DD-8665D75EE146}") = "PleaseRememberMe", "PleaseRememberMe\PleaseRememberMe.csproj", "{6B9B07A5-BCEC-48B0-B0EC-32852596975B}"
EndProject
Global
	GlobalSection(SolutionConfigurationPlatforms) = preSolution
		Debug|Any CPU = Debug|Any CPU
		Debug|iPhone = Debug|iPhone
		Debug|iPhoneSimulator = Debug|iPhoneSimulator
		Release|Any CPU = Release|Any CPU
		Release|iPhone = Release|iPhone
		Release|iPhoneSimulator = Release|iPhoneSimulator
	EndGlobalSection
	GlobalSection(ProjectConfigurationPlatforms) = postSolution
		{8231E7C1-69FF-4779-8E75-D77958679E10}.Debug|Any CPU.ActiveCfg = Debug|Any CPU
		{8231E7C1-69FF-4779-8E75-D77958679E10}.Debug|Any CPU.Build.0 = Debug|Any CPU
		{8231E7C1-69FF-4779-8E75-D77958679E10}.Debug|Any CPU.Deploy.0 = Debug|Any CPU
		{8231E7C1-69FF-4779-8E75-D77958679E10}.Debug|iPhone.ActiveCfg = Debug|Any CPU
		{8231E7C1-69FF-4779-8E75-D77958679E10}.Debug|iPhone.Build.0 = Debug|Any CPU
		{8231E7C1-69FF-4779-8E75-D77958679E10}.Debug|iPhone.Deploy.0 = Debug|Any CPU
		{8231E7C1-69FF-4779-8E75-D77958679E10}.Debug|iPhoneSimulator.ActiveCfg = Debug|Any CPU
		{8231E7C1-69FF-4779-8E75-D77958679E10}.Debug|iPhoneSimulator.Build.0 = Debug|Any CPU
		{8231E7C1-69FF-4779-8E75-D77958679E10}.Debug|iPhoneSimulator.Deploy.0 = Debug|Any CPU
		{8231E7C1-69FF-4779-8E75-D77958679E10}.Release|Any CPU.ActiveCfg = Release|Any CPU
		{8231E7C1-69FF-4779-8E75-D77958679E10}.Release|Any CPU.Build.0 = Release|Any CPU
		{8231E7C1-69FF-4779-8E75-D77958679E10}.Release|Any CPU.Deploy.0 = Release|Any CPU
		{8231E7C1-69FF-4779-8E75-D77958679E10}.Release|iPhone.ActiveCfg = Release|Any CPU
		{8231E7C1-69FF-4779-8E75-D77958679E10}.Release|iPhone.Build.0 = Release|Any CPU
		{8231E7C1-69FF-4779-8E75-D77958679E10}.Release|iPhone.Deploy.0 = Release|Any CPU
		{8231E7C1-69FF-4779-8E75-D77958679E10}.Release|iPhoneSimulator.ActiveCfg = Release|Any CPU
		{8231E7C1-69FF-4779-8E75-D77958679E10}.Release|iPhoneSimulator.Build.0 = Release|Any CPU
		{8231E7C1-69FF-4779-8E75-D77958679E10}.Release|iPhoneSimulator.Deploy.0 = Release|Any CPU
		{0F9B9964-371F-4CBA-8FAD-2980272F560A}.Debug|Any CPU.ActiveCfg = Debug|iPhone
		{0F9B9964-371F-4CBA-8FAD-2980272F560A}.Debug|Any CPU.Build.0 = Debug|iPhone
		{0F9B9964-371F-4CBA-8FAD-2980272F560A}.Debug|Any CPU.Deploy.0 = Debug|iPhone
		{0F9B9964-371F-4CBA-8FAD-2980272F560A}.Debug|iPhone.ActiveCfg = Debug|iPhone
		{0F9B9964-371F-4CBA-8FAD-2980272F560A}.Debug|iPhone.Build.0 = Debug|iPhone
		{0F9B9964-371F-4CBA-8FAD-2980272F560A}.Debug|iPhone.Deploy.0 = Debug|iPhone
		{0F9B9964-371F-4CBA-8FAD-2980272F560A}.Debug|iPhoneSimulator.ActiveCfg = Debug|iPhoneSimulator
		{0F9B9964-371F-4CBA-8FAD-2980272F560A}.Debug|iPhoneSimulator.Build.0 = Debug|iPhoneSimulator
		{0F9B9964-371F-4CBA-8FAD-2980272F560A}.Debug|iPhoneSimulator.Deploy.0 = Debug|iPhoneSimulator
		{0F9B9964-371F-4CBA-8FAD-2980272F560A}.Release|Any CPU.ActiveCfg = Release|iPhoneSimulator
		{0F9B9964-371F-4CBA-8FAD-2980272F560A}.Release|Any CPU.Build.0 = Release|iPhoneSimulator
		{0F9B9964-371F-4CBA-8FAD-2980272F560A}.Release|Any CPU.Deploy.0 = Release|iPhoneSimulator
		{0F9B9964-371F-4CBA-8FAD-2980272F560A}.Release|iPhone.ActiveCfg = Release|iPhone
		{0F9B9964-371F-4CBA-8FAD-2980272F560A}.Release|iPhone.Build.0 = Release|iPhone
		{0F9B9964-371F-4CBA-8FAD-2980272F560A}.Release|iPhone.Deploy.0 = Release|iPhone
		{0F9B9964-371F-4CBA-8FAD-2980272F560A}.Release|iPhoneSimulator.ActiveCfg = Release|iPhoneSimulator
		{0F9B9964-371F-4CBA-8FAD-2980272F560A}.Release|iPhoneSimulator.Build.0 = Release|iPhoneSimulator
		{0F9B9964-371F-4CBA-8FAD-2980272F560A}.Release|iPhoneSimulator.Deploy.0 = Release|iPhoneSimulator
		{6B9B07A5-BCEC-48B0-B0EC-32852596975B}.Debug|Any CPU.ActiveCfg = Debug|Any CPU
		{6B9B07A5-BCEC-48B0-B0EC-32852596975B}.Debug|Any CPU.Build.0 = Debug|Any CPU
		{6B9B07A5-BCEC-48B0-B0EC-32852596975B}.Debug|Any CPU.Deploy.0 = Debug|Any CPU
		{6B9B07A5-BCEC-48B0-B0EC-32852596975B}.Debug|iPhone.ActiveCfg = Debug|Any CPU
		{6B9B07A5-BCEC-48B0-B0EC-32852596975B}.Debug|iPhone.Build.0 = Debug|Any CPU
		{6B9B07A5-BCEC-48B0-B0EC-32852596975B}.Debug|iPhone.Deploy.0 = Debug|Any CPU
		{6B9B07A5-BCEC-48B0-B0EC-32852596975B}.Debug|iPhoneSimulator.ActiveCfg = Debug|Any CPU
		{6B9B07A5-BCEC-48B0-B0EC-32852596975B}.Debug|iPhoneSimulator.Build.0 = Debug|Any CPU
		{6B9B07A5-BCEC-48B0-B0EC-32852596975B}.Debug|iPhoneSimulator.Deploy.0 = Debug|Any CPU
		{6B9B07A5-BCEC-48B0-B0EC-32852596975B}.Release|Any CPU.ActiveCfg = Release|Any CPU
		{6B9B07A5-BCEC-48B0-B0EC-32852596975B}.Release|Any CPU.Build.0 = Release|Any CPU
		{6B9B07A5-BCEC-48B0-B0EC-32852596975B}.Release|Any CPU.Deploy.0 = Release|Any CPU
		{6B9B07A5-BCEC-48B0-B0EC-32852596975B}.Release|iPhone.ActiveCfg = Release|Any CPU
		{6B9B07A5-BCEC-48B0-B0EC-32852596975B}.Release|iPhone.Build.0 = Release|Any CPU
		{6B9B07A5-BCEC-48B0-B0EC-32852596975B}.Release|iPhone.Deploy.0 = Release|Any CPU
		{6B9B07A5-BCEC-48B0-B0EC-32852596975B}.Release|iPhoneSimulator.ActiveCfg = Release|Any CPU
		{6B9B07A5-BCEC-48B0-B0EC-32852596975B}.Release|iPhoneSimulator.Build.0 = Release|Any CPU
		{6B9B07A5-BCEC-48B0-B0EC-32852596975B}.Release|iPhoneSimulator.Deploy.0 = Release|Any CPU
	EndGlobalSection
	GlobalSection(SolutionProperties) = preSolution
		HideSolutionNode = FALSE
	EndGlobalSection
	GlobalSection(ExtensibilityGlobals) = postSolution
		SolutionGuid = {376EF7B5-FABA-4941-8477-F49DFC89CEAF}
	EndGlobalSection
EndGlobal
